
Microsoft Visual Studio Solution File, Format Version 12.00
# Visual Studio Version 16
VisualStudioVersion = 16.0.31105.61
MinimumVisualStudioVersion = 10.0.40219.1
Project("{FAE04EC0-301F-11D3-BF4B-00C04F79EFBC}") = "FireBaseBMI.Android", "FireBaseBMI.Android\FireBaseBMI.Android.csproj", "{6B59A422-9F07-4C44-B72A-4CA57615FE65}"
EndProject
Project("{FAE04EC0-301F-11D3-BF4B-00C04F79EFBC}") = "FireBaseBMI", "FireBaseBMI\FireBaseBMI.csproj", "{4AEDBDEF-AD27-4153-B2CB-9273A73FE19F}"
EndProject
Global
	GlobalSection(SolutionConfigurationPlatforms) = preSolution
		Debug|Any CPU = Debug|Any CPU
		Release|Any CPU = Release|Any CPU
	EndGlobalSection
	GlobalSection(ProjectConfigurationPlatforms) = postSolution
		{6B59A422-9F07-4C44-B72A-4CA57615FE65}.Debug|Any CPU.ActiveCfg = Debug|Any CPU
		{6B59A422-9F07-4C44-B72A-4CA57615FE65}.Debug|Any CPU.Build.0 = Debug|Any CPU
		{6B59A422-9F07-4C44-B72A-4CA57615FE65}.Debug|Any CPU.Deploy.0 = Debug|Any CPU
		{6B59A422-9F07-4C44-B72A-4CA57615FE65}.Release|Any CPU.ActiveCfg = Release|Any CPU
		{6B59A422-9F07-4C44-B72A-4CA57615FE65}.Release|Any CPU.Build.0 = Release|Any CPU
		{6B59A422-9F07-4C44-B72A-4CA57615FE65}.Release|Any CPU.Deploy.0 = Release|Any CPU
		{4AEDBDEF-AD27-4153-B2CB-9273A73FE19F}.Debug|Any CPU.ActiveCfg = Debug|Any CPU
		{4AEDBDEF-AD27-4153-B2CB-9273A73FE19F}.Debug|Any CPU.Build.0 = Debug|Any CPU
		{4AEDBDEF-AD27-4153-B2CB-9273A73FE19F}.Debug|Any CPU.Deploy.0 = Debug|Any CPU
		{4AEDBDEF-AD27-4153-B2CB-9273A73FE19F}.Release|Any CPU.ActiveCfg = Release|Any CPU
		{4AEDBDEF-AD27-4153-B2CB-9273A73FE19F}.Release|Any CPU.Build.0 = Release|Any CPU
		{4AEDBDEF-AD27-4153-B2CB-9273A73FE19F}.Release|Any CPU.Deploy.0 = Release|Any CPU
	EndGlobalSection
	GlobalSection(SolutionProperties) = preSolution
		HideSolutionNode = FALSE
	EndGlobalSection
	GlobalSection(ExtensibilityGlobals) = postSolution
		SolutionGuid = {EF4A64C9-CE5B-466F-B6F0-D9CDA67A625A}
	EndGlobalSection
EndGlobal
